SITE
  remote: http://community.opscode.com/api/v1
  specs:
    apt (1.8.4)
    build-essential (1.3.4)
    ntp (1.3.2)
    ohai (1.1.6)
    ruby_build (0.7.2)

GIT
  remote: https://github.com/ctrabold/chef-redis
  ref: master
  sha: e3a89f34d0f5b81867ae9e07a9404ac89e1ff61c
  specs:
    redis (0.0.4)

GIT
  remote: https://github.com/fnichol/chef-rbenv
  ref: master
  sha: 3b1c59abc1134a50b0b8844954eca9a566aaffb8
  specs:
    rbenv (0.7.3)

GIT
  remote: https://github.com/opscode-cookbooks/nginx.git
  ref: master
  sha: f6059cde26a6adc8d7fe2c0c8a74911e9e43b4a3
  specs:
    nginx (1.3.0)
      build-essential (>= 0.0.0)
      ohai (>= 1.1.4)

GIT
  remote: https://github.com/phlipper/chef-postgresql
  ref: master
  sha: a8a64f0378c9c10fbc2c45b7ee2cea101e16abef
  specs:
    postgresql (0.9.0)
      apt (>= 0.0.0)

PATH
  remote: vendor/cookbooks/main
  specs:
    main (0.0.0)

DEPENDENCIES
  main (>= 0)
  nginx (>= 0)
  ntp (>= 0)
  postgresql (>= 0)
  rbenv (>= 0)
  redis (>= 0)
  ruby_build (>= 0)

